// !$*UTF8*$!
{
	archiveVersion = 1;
	classes = {
	};
	objectVersion = 50;
	objects = {

/* Begin PBXBuildFile section */
		C96C89CB221A54E20000B9EE /* LoginViewController.swift in Sources */ = {isa = PBXBuildFile; fileRef = C96C89CA221A54E20000B9EE /* LoginViewController.swift */; };
		C96C89CD221A54E90000B9EE /* FeedViewController.swift in Sources */ = {isa = PBXBuildFile; fileRef = C96C89CC221A54E90000B9EE /* FeedViewController.swift */; };
		C96C89D2221A5C800000B9EE /* Enums.swift in Sources */ = {isa = PBXBuildFile; fileRef = C96C89D1221A5C800000B9EE /* Enums.swift */; };
		C96C89D4221A761B0000B9EE /* CameraViewController.swift in Sources */ = {isa = PBXBuildFile; fileRef = C96C89D3221A761B0000B9EE /* CameraViewController.swift */; };
		C96C89D6221A85E50000B9EE /* PostCell.swift in Sources */ = {isa = PBXBuildFile; fileRef = C96C89D5221A85E50000B9EE /* PostCell.swift */; };
		C981277D22181E8700C2FFE8 /* AppDelegate.swift in Sources */ = {isa = PBXBuildFile; fileRef = C981277C22181E8700C2FFE8 /* AppDelegate.swift */; };
		C981278222181E8700C2FFE8 /* Main.storyboard in Resources */ = {isa = PBXBuildFile; fileRef = C981278022181E8700C2FFE8 /* Main.storyboard */; };
		C981278422181E8800C2FFE8 /* Assets.xcassets in Resources */ = {isa = PBXBuildFile; fileRef = C981278322181E8800C2FFE8 /* Assets.xcassets */; };
		C981278722181E8800C2FFE8 /* LaunchScreen.storyboard in Resources */ = {isa = PBXBuildFile; fileRef = C981278522181E8800C2FFE8 /* LaunchScreen.storyboard */; };
		C9BC08752223BBF40025F2A5 /* CommentCell.swift in Sources */ = {isa = PBXBuildFile; fileRef = C9BC08742223BBF40025F2A5 /* CommentCell.swift */; };
		EB1DD953C8CF9ABFD25662B6 /* Pods_Parstagram.framework in Frameworks */ = {isa = PBXBuildFile; fileRef = C2069A90B1F5661095342A6F /* Pods_Parstagram.framework */; };
/* End PBXBuildFile section */

/* Begin PBXFileReference section */
		488D95E6B13A83BF63306D5A /* Pods-Parstagram.release.xcconfig */ = {isa = PBXFileReference; includeInIndex = 1; lastKnownFileType = text.xcconfig; name = "Pods-Parstagram.release.xcconfig"; path = "Pods/Target Support Files/Pods-Parstagram/Pods-Parstagram.release.xcconfig"; sourceTree = "<group>"; };
		6A53AF14DA1E5BFF0A911E94 /* Pods-Parstagram.debug.xcconfig */ = {isa = PBXFileReference; includeInIndex = 1; lastKnownFileType = text.xcconfig; name = "Pods-Parstagram.debug.xcconfig"; path = "Pods/Target Support Files/Pods-Parstagram/Pods-Parstagram.debug.xcconfig"; sourceTree = "<group>"; };
		C2069A90B1F5661095342A6F /* Pods_Parstagram.framework */ = {isa = PBXFileReference; explicitFileType = wrapper.framework; includeInIndex = 0; path = Pods_Parstagram.framework; sourceTree = BUILT_PRODUCTS_DIR; };
		C96C89CA221A54E20000B9EE /* LoginViewController.swift */ = {isa = PBXFileReference; lastKnownFileType = sourcecode.swift; path = LoginViewController.swift; sourceTree = "<group>"; };
		C96C89CC221A54E90000B9EE /* FeedViewController.swift */ = {isa = PBXFileReference; lastKnownFileType = sourcecode.swift; path = FeedViewController.swift; sourceTree = "<group>"; };
		C96C89D1221A5C800000B9EE /* Enums.swift */ = {isa = PBXFileReference; lastKnownFileType = sourcecode.swift; path = Enums.swift; sourceTree = "<group>"; };
		C96C89D3221A761B0000B9EE /* CameraViewController.swift */ = {isa = PBXFileReference; lastKnownFileType = sourcecode.swift; name = CameraViewController.swift; path = Parstagram/Controllers/CameraViewController.swift; sourceTree = SOURCE_ROOT; };
		C96C89D5221A85E50000B9EE /* PostCell.swift */ = {isa = PBXFileReference; lastKnownFileType = sourcecode.swift; path = PostCell.swift; sourceTree = "<group>"; };
		C981277922181E8700C2FFE8 /* Parstagram.app */ = {isa = PBXFileReference; explicitFileType = wrapper.application; includeInIndex = 0; path = Parstagram.app; sourceTree = BUILT_PRODUCTS_DIR; };
		C981277C22181E8700C2FFE8 /* AppDelegate.swift */ = {isa = PBXFileReference; lastKnownFileType = sourcecode.swift; path = AppDelegate.swift; sourceTree = "<group>"; };
		C981278122181E8700C2FFE8 /* Base */ = {isa = PBXFileReference; lastKnownFileType = file.storyboard; name = Base; path = Base.lproj/Main.storyboard; sourceTree = "<group>"; };
		C981278322181E8800C2FFE8 /* Assets.xcassets */ = {isa = PBXFileReference; lastKnownFileType = folder.assetcatalog; path = Assets.xcassets; sourceTree = "<group>"; };
		C981278622181E8800C2FFE8 /* Base */ = {isa = PBXFileReference; lastKnownFileType = file.storyboard; name = Base; path = Base.lproj/LaunchScreen.storyboard; sourceTree = "<group>"; };
		C981278822181E8800C2FFE8 /* Info.plist */ = {isa = PBXFileReference; lastKnownFileType = text.plist.xml; path = Info.plist; sourceTree = "<group>"; };
		C9BC08742223BBF40025F2A5 /* CommentCell.swift */ = {isa = PBXFileReference; lastKnownFileType = sourcecode.swift; path = CommentCell.swift; sourceTree = "<group>"; };
/* End PBXFileReference section */

/* Begin PBXFrameworksBuildPhase section */
		C981277622181E8700C2FFE8 /* Frameworks */ = {
			isa = PBXFrameworksBuildPhase;
			buildActionMask = 2147483647;
			files = (
				EB1DD953C8CF9ABFD25662B6 /* Pods_Parstagram.framework in Frameworks */,
			);
			runOnlyForDeploymentPostprocessing = 0;
		};
/* End PBXFrameworksBuildPhase section */

/* Begin PBXGroup section */
		B1FFFCF778F5ABADC7DE0243 /* Frameworks */ = {
			isa = PBXGroup;
			children = (
				C2069A90B1F5661095342A6F /* Pods_Parstagram.framework */,
			);
			name = Frameworks;
			sourceTree = "<group>";
		};
		C96C89CE221A54EF0000B9EE /* Controllers */ = {
			isa = PBXGroup;
			children = (
				C96C89D3221A761B0000B9EE /* CameraViewController.swift */,
				C96C89CA221A54E20000B9EE /* LoginViewController.swift */,
				C96C89CC221A54E90000B9EE /* FeedViewController.swift */,
			);
			path = Controllers;
			sourceTree = "<group>";
		};
		C96C89CF221A55180000B9EE /* Storyboards */ = {
			isa = PBXGroup;
			children = (
				C981278022181E8700C2FFE8 /* Main.storyboard */,
				C981278522181E8800C2FFE8 /* LaunchScreen.storyboard */,
			);
			path = Storyboards;
			sourceTree = "<group>";
		};
		C96C89D0221A5BCC0000B9EE /* Helper Files */ = {
			isa = PBXGroup;
			children = (
				C96C89D1221A5C800000B9EE /* Enums.swift */,
			);
			path = "Helper Files";
			sourceTree = "<group>";
		};
		C96C89D7221A86030000B9EE /* Cells */ = {
			isa = PBXGroup;
			children = (
				C96C89D5221A85E50000B9EE /* PostCell.swift */,
				C9BC08742223BBF40025F2A5 /* CommentCell.swift */,
			);
			path = Cells;
			sourceTree = "<group>";
		};
		C981277022181E8700C2FFE8 = {
			isa = PBXGroup;
			children = (
				C981277B22181E8700C2FFE8 /* Parstagram */,
				C981277A22181E8700C2FFE8 /* Products */,
				F26024956C7956F02A5F14F8 /* Pods */,
				B1FFFCF778F5ABADC7DE0243 /* Frameworks */,
			);
			sourceTree = "<group>";
		};
		C981277A22181E8700C2FFE8 /* Products */ = {
			isa = PBXGroup;
			children = (
				C981277922181E8700C2FFE8 /* Parstagram.app */,
			);
			name = Products;
			sourceTree = "<group>";
		};
		C981277B22181E8700C2FFE8 /* Parstagram */ = {
			isa = PBXGroup;
			children = (
				C981277C22181E8700C2FFE8 /* AppDelegate.swift */,
				C96C89CF221A55180000B9EE /* Storyboards */,
				C96C89CE221A54EF0000B9EE /* Controllers */,
				C96C89D0221A5BCC0000B9EE /* Helper Files */,
				C96C89D7221A86030000B9EE /* Cells */,
				C981278322181E8800C2FFE8 /* Assets.xcassets */,
				C981278822181E8800C2FFE8 /* Info.plist */,
			);
			path = Parstagram;
			sourceTree = "<group>";
		};
		F26024956C7956F02A5F14F8 /* Pods */ = {
			isa = PBXGroup;
			children = (
				6A53AF14DA1E5BFF0A911E94 /* Pods-Parstagram.debug.xcconfig */,
				488D95E6B13A83BF63306D5A /* Pods-Parstagram.release.xcconfig */,
			);
			name = Pods;
			sourceTree = "<group>";
		};
/* End PBXGroup section */

/* Begin PBXNativeTarget section */
		C981277822181E8700C2FFE8 /* Parstagram */ = {
			isa = PBXNativeTarget;
			buildConfigurationList = C981278B22181E8800C2FFE8 /* Build configuration list for PBXNativeTarget "Parstagram" */;
			buildPhases = (
				353260F99161C51FC5D00E37 /* [CP] Check Pods Manifest.lock */,
				C981277522181E8700C2FFE8 /* Sources */,
				C981277622181E8700C2FFE8 /* Frameworks */,
				C981277722181E8700C2FFE8 /* Resources */,
				97A2CE268DC44D3421765532 /* [CP] Embed Pods Frameworks */,
			);
			buildRules = (
			);
			dependencies = (
			);
			name = Parstagram;
			productName = Parstagram;
			productReference = C981277922181E8700C2FFE8 /* Parstagram.app */;
			productType = "com.apple.product-type.application";
		};
/* End PBXNativeTarget section */

/* Begin PBXProject section */
		C981277122181E8700C2FFE8 /* Project object */ = {
			isa = PBXProject;
			attributes = {
				LastSwiftUpdateCheck = 1010;
				LastUpgradeCheck = 1010;
				ORGANIZATIONNAME = "Chase Carnaroli";
				TargetAttributes = {
					C981277822181E8700C2FFE8 = {
						CreatedOnToolsVersion = 10.1;
					};
				};
			};
			buildConfigurationList = C981277422181E8700C2FFE8 /* Build configuration list for PBXProject "Parstagram" */;
			compatibilityVersion = "Xcode 9.3";
			developmentRegion = en;
			hasScannedForEncodings = 0;
			knownRegions = (
				en,
				Base,
			);
			mainGroup = C981277022181E8700C2FFE8;
			productRefGroup = C981277A22181E8700C2FFE8 /* Products */;
			projectDirPath = "";
			projectRoot = "";
			targets = (
				C981277822181E8700C2FFE8 /* Parstagram */,
			);
		};
/* End PBXProject section */

/* Begin PBXResourcesBuildPhase section */
		C981277722181E8700C2FFE8 /* Resources */ = {
			isa = PBXResourcesBuildPhase;
			buildActionMask = 2147483647;
			files = (
				C981278722181E8800C2FFE8 /* LaunchScreen.storyboard in Resources */,
				C981278422181E8800C2FFE8 /* Assets.xcassets in Resources */,
				C981278222181E8700C2FFE8 /* Main.storyboard in Resources */,
			);
			runOnlyForDeploymentPostprocessing = 0;
		};
/* End PBXResourcesBuildPhase section */

/* Begin PBXShellScriptBuildPhase section */
		353260F99161C51FC5D00E37 /* [CP] Check Pods Manifest.lock */ = {
			isa = PBXShellScriptBuildPhase;
			buildActionMask = 2147483647;
			files = (
			);
			inputPaths = (
				"${PODS_PODFILE_DIR_PATH}/Podfile.lock",
				"${PODS_ROOT}/Manifest.lock",
			);
			name = "[CP] Check Pods Manifest.lock";
			outputPaths = (
				"$(DERIVED_FILE_DIR)/Pods-Parstagram-checkManifestLockResult.txt",
			);
			runOnlyForDeploymentPostprocessing = 0;
			shellPath = /bin/sh;
			shellScript = "diff \"${PODS_PODFILE_DIR_PATH}/Podfile.lock\" \"${PODS_ROOT}/Manifest.lock\" > /dev/null\nif [ $? != 0 ] ; then\n    # print error to STDERR\n    echo \"error: The sandbox is not in sync with the Podfile.lock. Run 'pod install' or update your CocoaPods installation.\" >&2\n    exit 1\nfi\n# This output is used by Xcode 'outputs' to avoid re-running this script phase.\necho \"SUCCESS\" > \"${SCRIPT_OUTPUT_FILE_0}\"\n";
			showEnvVarsInLog = 0;
		};
		97A2CE268DC44D3421765532 /* [CP] Embed Pods Frameworks */ = {
			isa = PBXShellScriptBuildPhase;
			buildActionMask = 2147483647;
			files = (
			);
			inputPaths = (
				"${SRCROOT}/Pods/Target Support Files/Pods-Parstagram/Pods-Parstagram-frameworks.sh",
				"${BUILT_PRODUCTS_DIR}/Alamofire/Alamofire.framework",
				"${BUILT_PRODUCTS_DIR}/AlamofireImage/AlamofireImage.framework",
				"${BUILT_PRODUCTS_DIR}/Bolts/Bolts.framework",
				"${BUILT_PRODUCTS_DIR}/MessageInputBar/MessageInputBar.framework",
				"${BUILT_PRODUCTS_DIR}/Parse/Parse.framework",
			);
			name = "[CP] Embed Pods Frameworks";
			outputPaths = (
				"${TARGET_BUILD_DIR}/${FRAMEWORKS_FOLDER_PATH}/Alamofire.framework",
				"${TARGET_BUILD_DIR}/${FRAMEWORKS_FOLDER_PATH}/AlamofireImage.framework",
				"${TARGET_BUILD_DIR}/${FRAMEWORKS_FOLDER_PATH}/Bolts.framework",
				"${TARGET_BUILD_DIR}/${FRAMEWORKS_FOLDER_PATH}/MessageInputBar.framework",
				"${TARGET_BUILD_DIR}/${FRAMEWORKS_FOLDER_PATH}/Parse.framework",
			);
			runOnlyForDeploymentPostprocessing = 0;
			shellPath = /bin/sh;
			shellScript = "\"${SRCROOT}/Pods/Target Support Files/Pods-Parstagram/Pods-Parstagram-frameworks.sh\"\n";
			showEnvVarsInLog = 0;
		};
/* End PBXShellScriptBuildPhase section */

/* Begin PBXSourcesBuildPhase section */
		C981277522181E8700C2FFE8 /* Sources */ = {
			isa = PBXSourcesBuildPhase;
			buildActionMask = 2147483647;
			files = (
				C96C89CB221A54E20000B9EE /* LoginViewController.swift in Sources */,
				C96C89D4221A761B0000B9EE /* CameraViewController.swift in Sources */,
				C96C89CD221A54E90000B9EE /* FeedViewController.swift in Sources */,
				C96C89D2221A5C800000B9EE /* Enums.swift in Sources */,
				C981277D22181E8700C2FFE8 /* AppDelegate.swift in Sources */,
				C96C89D6221A85E50000B9EE /* PostCell.swift in Sources */,
				C9BC08752223BBF40025F2A5 /* CommentCell.swift in Sources */,
			);
			runOnlyForDeploymentPostprocessing = 0;
		};
/* End PBXSourcesBuildPhase section */

/* Begin PBXVariantGroup section */
		C981278022181E8700C2FFE8 /* Main.storyboard */ = {
			isa = PBXVariantGroup;
			children = (
				C981278122181E8700C2FFE8 /* Base */,
			);
			name = Main.storyboard;
			sourceTree = "<group>";
		};
		C981278522181E8800C2FFE8 /* LaunchScreen.storyboard */ = {
			isa = PBXVariantGroup;
			children = (
				C981278622181E8800C2FFE8 /* Base */,
			);
			name = LaunchScreen.storyboard;
			sourceTree = "<group>";
		};
/* End PBXVariantGroup section */

/* Begin XCBuildConfiguration section */
		C981278922181E8800C2FFE8 /* Debug */ = {
			isa = XCBuildConfiguration;
			buildSettings = {
				ALWAYS_SEARCH_USER_PATHS = NO;
				CLANG_ANALYZER_NONNULL = YES;
				CLANG_ANALYZER_NUMBER_OBJECT_CONVERSION = YES_AGGRESSIVE;
				CLANG_CXX_LANGUAGE_STANDARD = "gnu++14";
				CLANG_CXX_LIBRARY = "libc++";
				CLANG_ENABLE_MODULES = YES;
				CLANG_ENABLE_OBJC_ARC = YES;
				CLANG_ENABLE_OBJC_WEAK = YES;
				CLANG_WARN_BLOCK_CAPTURE_AUTORELEASING = YES;
				CLANG_WARN_BOOL_CONVERSION = YES;
				CLANG_WARN_COMMA = YES;
				CLANG_WARN_CONSTANT_CONVERSION = YES;
				CLANG_WARN_DEPRECATED_OBJC_IMPLEMENTATIONS = YES;
				CLANG_WARN_DIRECT_OBJC_ISA_USAGE = YES_ERROR;
				CLANG_WARN_DOCUMENTATION_COMMENTS = YES;
				CLANG_WARN_EMPTY_BODY = YES;
				CLANG_WARN_ENUM_CONVERSION = YES;
				CLANG_WARN_INFINITE_RECURSION = YES;
				CLANG_WARN_INT_CONVERSION = YES;
				CLANG_WARN_NON_LITERAL_NULL_CONVERSION = YES;
				CLANG_WARN_OBJC_IMPLICIT_RETAIN_SELF = YES;
				CLANG_WARN_OBJC_LITERAL_CONVERSION = YES;
				CLANG_WARN_OBJC_ROOT_CLASS = YES_ERROR;
				CLANG_WARN_RANGE_LOOP_ANALYSIS = YES;
				CLANG_WARN_STRICT_PROTOTYPES = YES;
				CLANG_WARN_SUSPICIOUS_MOVE = YES;
				CLANG_WARN_UNGUARDED_AVAILABILITY = YES_AGGRESSIVE;
				CLANG_WARN_UNREACHABLE_CODE = YES;
				CLANG_WARN__DUPLICATE_METHOD_MATCH = YES;
				CODE_SIGN_IDENTITY = "iPhone Developer";
				COPY_PHASE_STRIP = NO;
				DEBUG_INFORMATION_FORMAT = dwarf;
				ENABLE_STRICT_OBJC_MSGSEND = YES;
				ENABLE_TESTABILITY = YES;
				GCC_C_LANGUAGE_STANDARD = gnu11;
				GCC_DYNAMIC_NO_PIC = NO;
				GCC_NO_COMMON_BLOCKS = YES;
				GCC_OPTIMIZATION_LEVEL = 0;
				GCC_PREPROCESSOR_DEFINITIONS = (
					"DEBUG=1",
					"$(inherited)",
				);
				GCC_WARN_64_TO_32_BIT_CONVERSION = YES;
				GCC_WARN_ABOUT_RETURN_TYPE = YES_ERROR;
				GCC_WARN_UNDECLARED_SELECTOR = YES;
				GCC_WARN_UNINITIALIZED_AUTOS = YES_AGGRESSIVE;
				GCC_WARN_UNUSED_FUNCTION = YES;
				GCC_WARN_UNUSED_VARIABLE = YES;
				IPHONEOS_DEPLOYMENT_TARGET = 12.1;
				MTL_ENABLE_DEBUG_INFO = INCLUDE_SOURCE;
				MTL_FAST_MATH = YES;
				ONLY_ACTIVE_ARCH = YES;
				SDKROOT = iphoneos;
				SWIFT_ACTIVE_COMPILATION_CONDITIONS = DEBUG;
				SWIFT_OPTIMIZATION_LEVEL = "-Onone";
			};
			name = Debug;
		};
		C981278A22181E8800C2FFE8 /* Release */ = {
			isa = XCBuildConfiguration;
			buildSettings = {
				ALWAYS_SEARCH_USER_PATHS = NO;
				CLANG_ANALYZER_NONNULL = YES;
				CLANG_ANALYZER_NUMBER_OBJECT_CONVERSION = YES_AGGRESSIVE;
				CLANG_CXX_LANGUAGE_STANDARD = "gnu++14";
				CLANG_CXX_LIBRARY = "libc++";
				CLANG_ENABLE_MODULES = YES;
				CLANG_ENABLE_OBJC_ARC = YES;
				CLANG_ENABLE_OBJC_WEAK = YES;
				CLANG_WARN_BLOCK_CAPTURE_AUTORELEASING = YES;
				CLANG_WARN_BOOL_CONVERSION = YES;
				CLANG_WARN_COMMA = YES;
				CLANG_WARN_CONSTANT_CONVERSION = YES;
				CLANG_WARN_DEPRECATED_OBJC_IMPLEMENTATIONS = YES;
				CLANG_WARN_DIRECT_OBJC_ISA_USAGE = YES_ERROR;
				CLANG_WARN_DOCUMENTATION_COMMENTS = YES;
				CLANG_WARN_EMPTY_BODY = YES;
				CLANG_WARN_ENUM_CONVERSION = YES;
				CLANG_WARN_INFINITE_RECURSION = YES;
				CLANG_WARN_INT_CONVERSION = YES;
				CLANG_WARN_NON_LITERAL_NULL_CONVERSION = YES;
				CLANG_WARN_OBJC_IMPLICIT_RETAIN_SELF = YES;
				CLANG_WARN_OBJC_LITERAL_CONVERSION = YES;
				CLANG_WARN_OBJC_ROOT_CLASS = YES_ERROR;
				CLANG_WARN_RANGE_LOOP_ANALYSIS = YES;
				CLANG_WARN_STRICT_PROTOTYPES = YES;
				CLANG_WARN_SUSPICIOUS_MOVE = YES;
				CLANG_WARN_UNGUARDED_AVAILABILITY = YES_AGGRESSIVE;
				CLANG_WARN_UNREACHABLE_CODE = YES;
				CLANG_WARN__DUPLICATE_METHOD_MATCH = YES;
				CODE_SIGN_IDENTITY = "iPhone Developer";
				COPY_PHASE_STRIP = NO;
				DEBUG_INFORMATION_FORMAT = "dwarf-with-dsym";
				ENABLE_NS_ASSERTIONS = NO;
				ENABLE_STRICT_OBJC_MSGSEND = YES;
				GCC_C_LANGUAGE_STANDARD = gnu11;
				GCC_NO_COMMON_BLOCKS = YES;
				GCC_WARN_64_TO_32_BIT_CONVERSION = YES;
				GCC_WARN_ABOUT_RETURN_TYPE = YES_ERROR;
				GCC_WARN_UNDECLARED_SELECTOR = YES;
				GCC_WARN_UNINITIALIZED_AUTOS = YES_AGGRESSIVE;
				GCC_WARN_UNUSED_FUNCTION = YES;
				GCC_WARN_UNUSED_VARIABLE = YES;
				IPHONEOS_DEPLOYMENT_TARGET = 12.1;
				MTL_ENABLE_DEBUG_INFO = NO;
				MTL_FAST_MATH = YES;
				SDKROOT = iphoneos;
				SWIFT_COMPILATION_MODE = wholemodule;
				SWIFT_OPTIMIZATION_LEVEL = "-O";
				VALIDATE_PRODUCT = YES;
			};
			name = Release;
		};
		C981278C22181E8800C2FFE8 /* Debug */ = {
			isa = XCBuildConfiguration;
			baseConfigurationReference = 6A53AF14DA1E5BFF0A911E94 /* Pods-Parstagram.debug.xcconfig */;
			buildSettings = {
				ASSETCATALOG_COMPILER_APPICON_NAME = AppIcon;
				CODE_SIGN_STYLE = Automatic;
				DEVELOPMENT_TEAM = MBL4M87XYM;
				INFOPLIST_FILE = Parstagram/Info.plist;
				LD_RUNPATH_SEARCH_PATHS = (
					"$(inherited)",
					"@executable_path/Frameworks",
				);
				PRODUCT_BUNDLE_IDENTIFIER = com.pk.Parstagram;
				PRODUCT_NAME = "$(TARGET_NAME)";
				SWIFT_VERSION = 4.2;
				TARGETED_DEVICE_FAMILY = "1,2";
			};
			name = Debug;
		};
		C981278D22181E8800C2FFE8 /* Release */ = {
			isa = XCBuildConfiguration;
			baseConfigurationReference = 488D95E6B13A83BF63306D5A /* Pods-Parstagram.release.xcconfig */;
			buildSettings = {
				ASSETCATALOG_COMPILER_APPICON_NAME = AppIcon;
				CODE_SIGN_STYLE = Automatic;
				DEVELOPMENT_TEAM = MBL4M87XYM;
				INFOPLIST_FILE = Parstagram/Info.plist;
				LD_RUNPATH_SEARCH_PATHS = (
					"$(inherited)",
					"@executable_path/Frameworks",
				);
				PRODUCT_BUNDLE_IDENTIFIER = com.pk.Parstagram;
				PRODUCT_NAME = "$(TARGET_NAME)";
				SWIFT_VERSION = 4.2;
				TARGETED_DEVICE_FAMILY = "1,2";
			};
			name = Release;
		};
/* End XCBuildConfiguration section */

/* Begin XCConfigurationList section */
		C981277422181E8700C2FFE8 /* Build configuration list for PBXProject "Parstagram" */ = {
			isa = XCConfigurationList;
			buildConfigurations = (
				C981278922181E8800C2FFE8 /* Debug */,
				C981278A22181E8800C2FFE8 /* Release */,
			);
			defaultConfigurationIsVisible = 0;
			defaultConfigurationName = Release;
		};
		C981278B22181E8800C2FFE8 /* Build configuration list for PBXNativeTarget "Parstagram" */ = {
			isa = XCConfigurationList;
			buildConfigurations = (
				C981278C22181E8800C2FFE8 /* Debug */,
				C981278D22181E8800C2FFE8 /* Release */,
			);
			defaultConfigurationIsVisible = 0;
			defaultConfigurationName = Release;
		};
/* End XCConfigurationList section */
	};
	rootObject = C981277122181E8700C2FFE8 /* Project object */;
}
